{
  "name": "@pega-enablement/pega-dx-mcp",
  "version": "0.1.0-alpha.4",
  "lockfileVersion": 3,
  "requires": true,
  "packages": {
    "": {
      "name": "@pega-enablement/pega-dx-mcp",
      "version": "0.1.0-alpha.4",
      "license": "SEE LICENSE IN LICENSE",
      "bin": {
        "pega-dx-mcp": "src/index.js"
      }
    }
  }
}
